
Microsoft Visual Studio Solution File, Format Version 12.00
# Visual Studio 15
VisualStudioVersion = 15.0.27004.2009
MinimumVisualStudioVersion = 10.0.40219.1
Project("{9A19103F-16F7-4668-BE54-9A1E7A4F7556}") = "DataAppPlatform.Core", "DataAppPlatform.Core\DataAppPlatform.Core.csproj", "{730CB392-2380-4BFC-BAD8-585898DFB6F4}"
EndProject
Project("{9A19103F-16F7-4668-BE54-9A1E7A4F7556}") = "DataAppPlatform.Api", "DataAppPlatform.Api\DataAppPlatform.Api.csproj", "{11D086C8-8C3E-43FC-A45A-1BA9C5C57000}"
EndProject
Project("{9A19103F-16F7-4668-BE54-9A1E7A4F7556}") = "DataAppPlatform.Core.Tests", "DataAppPlatform.Core.Tests\DataAppPlatform.Core.Tests.csproj", "{58F84E89-DF9B-41F1-BC09-C76F3958C219}"
EndProject
Project("{9A19103F-16F7-4668-BE54-9A1E7A4F7556}") = "DataAppPlatform.SqlServer", "DataAppPlatform.SqlServer\DataAppPlatform.SqlServer.csproj", "{5DADD69E-4978-4B3A-9B0E-9E7C8FF70A48}"
EndProject
Project("{9A19103F-16F7-4668-BE54-9A1E7A4F7556}") = "DataAppPlatform.SqlServer.Tests", "DataAppPlatform.SqlServer.Tests\DataAppPlatform.SqlServer.Tests.csproj", "{39367CA0-64E6-470F-AB8D-3532E97838DA}"
EndProject
Project("{9A19103F-16F7-4668-BE54-9A1E7A4F7556}") = "DataAppPlatform.Entities", "DataAppPlatform.Entities\DataAppPlatform.Entities.csproj", "{920D87E9-A161-4AE1-8176-5A7181B5E265}"
EndProject
Project("{2150E333-8FDC-42A3-9474-1A3956D46DE8}") = "Tests-Unit", "Tests-Unit", "{D7D12047-CCEF-470B-A50A-CAE34EB4846A}"
EndProject
Project("{9A19103F-16F7-4668-BE54-9A1E7A4F7556}") = "DataAppPlatform.Api.Contract", "DataAppPlatform.Api.Contract\DataAppPlatform.Api.Contract.csproj", "{58F6A66C-60C6-4C08-92F1-F1AC3CD42554}"
EndProject
Project("{9A19103F-16F7-4668-BE54-9A1E7A4F7556}") = "DataAppPlatform.DataAccess", "DataAppPlatform.DataAccess\DataAppPlatform.DataAccess.csproj", "{07B72328-309E-4696-A5D1-5EB0416EE622}"
EndProject
Project("{9A19103F-16F7-4668-BE54-9A1E7A4F7556}") = "DataAppPlatform.DataServices", "DataAppPlatform.Api.Services\DataAppPlatform.DataServices.csproj", "{5648F709-29D0-46FD-8DF8-FD23A9C954B4}"
EndProject
Project("{9A19103F-16F7-4668-BE54-9A1E7A4F7556}") = "DataAppPlatform.DataServices.Tests", "DataAppPlatform.SqlServer.ITests\DataAppPlatform.DataServices.Tests.csproj", "{B6DF9682-6A45-4425-AE47-4A30BABB1652}"
EndProject
Project("{9A19103F-16F7-4668-BE54-9A1E7A4F7556}") = "DataAppPlatform.ApplicationServices", "DataAppPlatform.ApplicationServices\DataAppPlatform.ApplicationServices.csproj", "{A5F6C3F7-70BB-4E86-A7CE-BC9DDA2144F3}"
EndProject
Project("{FAE04EC0-301F-11D3-BF4B-00C04F79EFBC}") = "DataAppPlatform.DataService.Models", "DataAppPlatform.DataService.Models\DataAppPlatform.DataService.Models.csproj", "{75B335BA-5A96-4B04-8EF5-FC05AEE135A8}"
EndProject
Global
	GlobalSection(SolutionConfigurationPlatforms) = preSolution
		Debug|Any CPU = Debug|Any CPU
		Release|Any CPU = Release|Any CPU
	EndGlobalSection
	GlobalSection(ProjectConfigurationPlatforms) = postSolution
		{730CB392-2380-4BFC-BAD8-585898DFB6F4}.Debug|Any CPU.ActiveCfg = Debug|Any CPU
		{730CB392-2380-4BFC-BAD8-585898DFB6F4}.Debug|Any CPU.Build.0 = Debug|Any CPU
		{730CB392-2380-4BFC-BAD8-585898DFB6F4}.Release|Any CPU.ActiveCfg = Release|Any CPU
		{730CB392-2380-4BFC-BAD8-585898DFB6F4}.Release|Any CPU.Build.0 = Release|Any CPU
		{11D086C8-8C3E-43FC-A45A-1BA9C5C57000}.Debug|Any CPU.ActiveCfg = Debug|Any CPU
		{11D086C8-8C3E-43FC-A45A-1BA9C5C57000}.Debug|Any CPU.Build.0 = Debug|Any CPU
		{11D086C8-8C3E-43FC-A45A-1BA9C5C57000}.Release|Any CPU.ActiveCfg = Release|Any CPU
		{11D086C8-8C3E-43FC-A45A-1BA9C5C57000}.Release|Any CPU.Build.0 = Release|Any CPU
		{58F84E89-DF9B-41F1-BC09-C76F3958C219}.Debug|Any CPU.ActiveCfg = Debug|Any CPU
		{58F84E89-DF9B-41F1-BC09-C76F3958C219}.Debug|Any CPU.Build.0 = Debug|Any CPU
		{58F84E89-DF9B-41F1-BC09-C76F3958C219}.Release|Any CPU.ActiveCfg = Release|Any CPU
		{58F84E89-DF9B-41F1-BC09-C76F3958C219}.Release|Any CPU.Build.0 = Release|Any CPU
		{5DADD69E-4978-4B3A-9B0E-9E7C8FF70A48}.Debug|Any CPU.ActiveCfg = Debug|Any CPU
		{5DADD69E-4978-4B3A-9B0E-9E7C8FF70A48}.Debug|Any CPU.Build.0 = Debug|Any CPU
		{5DADD69E-4978-4B3A-9B0E-9E7C8FF70A48}.Release|Any CPU.ActiveCfg = Release|Any CPU
		{5DADD69E-4978-4B3A-9B0E-9E7C8FF70A48}.Release|Any CPU.Build.0 = Release|Any CPU
		{39367CA0-64E6-470F-AB8D-3532E97838DA}.Debug|Any CPU.ActiveCfg = Debug|Any CPU
		{39367CA0-64E6-470F-AB8D-3532E97838DA}.Debug|Any CPU.Build.0 = Debug|Any CPU
		{39367CA0-64E6-470F-AB8D-3532E97838DA}.Release|Any CPU.ActiveCfg = Release|Any CPU
		{39367CA0-64E6-470F-AB8D-3532E97838DA}.Release|Any CPU.Build.0 = Release|Any CPU
		{920D87E9-A161-4AE1-8176-5A7181B5E265}.Debug|Any CPU.ActiveCfg = Debug|Any CPU
		{920D87E9-A161-4AE1-8176-5A7181B5E265}.Debug|Any CPU.Build.0 = Debug|Any CPU
		{920D87E9-A161-4AE1-8176-5A7181B5E265}.Release|Any CPU.ActiveCfg = Release|Any CPU
		{920D87E9-A161-4AE1-8176-5A7181B5E265}.Release|Any CPU.Build.0 = Release|Any CPU
		{58F6A66C-60C6-4C08-92F1-F1AC3CD42554}.Debug|Any CPU.ActiveCfg = Debug|Any CPU
		{58F6A66C-60C6-4C08-92F1-F1AC3CD42554}.Debug|Any CPU.Build.0 = Debug|Any CPU
		{58F6A66C-60C6-4C08-92F1-F1AC3CD42554}.Release|Any CPU.ActiveCfg = Release|Any CPU
		{58F6A66C-60C6-4C08-92F1-F1AC3CD42554}.Release|Any CPU.Build.0 = Release|Any CPU
		{07B72328-309E-4696-A5D1-5EB0416EE622}.Debug|Any CPU.ActiveCfg = Debug|Any CPU
		{07B72328-309E-4696-A5D1-5EB0416EE622}.Debug|Any CPU.Build.0 = Debug|Any CPU
		{07B72328-309E-4696-A5D1-5EB0416EE622}.Release|Any CPU.ActiveCfg = Release|Any CPU
		{07B72328-309E-4696-A5D1-5EB0416EE622}.Release|Any CPU.Build.0 = Release|Any CPU
		{5648F709-29D0-46FD-8DF8-FD23A9C954B4}.Debug|Any CPU.ActiveCfg = Debug|Any CPU
		{5648F709-29D0-46FD-8DF8-FD23A9C954B4}.Debug|Any CPU.Build.0 = Debug|Any CPU
		{5648F709-29D0-46FD-8DF8-FD23A9C954B4}.Release|Any CPU.ActiveCfg = Release|Any CPU
		{5648F709-29D0-46FD-8DF8-FD23A9C954B4}.Release|Any CPU.Build.0 = Release|Any CPU
		{B6DF9682-6A45-4425-AE47-4A30BABB1652}.Debug|Any CPU.ActiveCfg = Debug|Any CPU
		{B6DF9682-6A45-4425-AE47-4A30BABB1652}.Debug|Any CPU.Build.0 = Debug|Any CPU
		{B6DF9682-6A45-4425-AE47-4A30BABB1652}.Release|Any CPU.ActiveCfg = Release|Any CPU
		{B6DF9682-6A45-4425-AE47-4A30BABB1652}.Release|Any CPU.Build.0 = Release|Any CPU
		{A5F6C3F7-70BB-4E86-A7CE-BC9DDA2144F3}.Debug|Any CPU.ActiveCfg = Debug|Any CPU
		{A5F6C3F7-70BB-4E86-A7CE-BC9DDA2144F3}.Debug|Any CPU.Build.0 = Debug|Any CPU
		{A5F6C3F7-70BB-4E86-A7CE-BC9DDA2144F3}.Release|Any CPU.ActiveCfg = Release|Any CPU
		{A5F6C3F7-70BB-4E86-A7CE-BC9DDA2144F3}.Release|Any CPU.Build.0 = Release|Any CPU
		{75B335BA-5A96-4B04-8EF5-FC05AEE135A8}.Debug|Any CPU.ActiveCfg = Debug|Any CPU
		{75B335BA-5A96-4B04-8EF5-FC05AEE135A8}.Debug|Any CPU.Build.0 = Debug|Any CPU
		{75B335BA-5A96-4B04-8EF5-FC05AEE135A8}.Release|Any CPU.ActiveCfg = Release|Any CPU
		{75B335BA-5A96-4B04-8EF5-FC05AEE135A8}.Release|Any CPU.Build.0 = Release|Any CPU
	EndGlobalSection
	GlobalSection(SolutionProperties) = preSolution
		HideSolutionNode = FALSE
	EndGlobalSection
	GlobalSection(NestedProjects) = preSolution
		{58F84E89-DF9B-41F1-BC09-C76F3958C219} = {D7D12047-CCEF-470B-A50A-CAE34EB4846A}
		{39367CA0-64E6-470F-AB8D-3532E97838DA} = {D7D12047-CCEF-470B-A50A-CAE34EB4846A}
		{B6DF9682-6A45-4425-AE47-4A30BABB1652} = {D7D12047-CCEF-470B-A50A-CAE34EB4846A}
	EndGlobalSection
	GlobalSection(ExtensibilityGlobals) = postSolution
		SolutionGuid = {AA56534B-8950-4ECC-A9D1-21E5F38C3870}
	EndGlobalSection
EndGlobal
